
Microsoft Visual Studio Solution File, Format Version 12.00
# Visual Studio Express 2013 for Windows Desktop
VisualStudioVersion = 12.0.30110.0
MinimumVisualStudioVersion = 10.0.40219.1
Project("{8BC9CEB8-8B4A-11D0-8D11-00A0C91BC942}") = "spacs", "spacs\spacs.vcxproj", "{6A0E1F26-F7BE-4173-8F69-85B396C6C233}"
EndProject
Project("{8BC9CEB8-8B4A-11D0-8D11-00A0C91BC942}") = "use_spacs0x2", "use_spacs0x2\use_spacs0x2.vcxproj", "{156D2A0B-67F9-4CE1-B429-5F0E15EFB06A}"
EndProject
Global
	GlobalSection(SolutionConfigurationPlatforms) = preSolution
		Debug|Win32 = Debug|Win32
		Release|Win32 = Release|Win32
	EndGlobalSection
	GlobalSection(ProjectConfigurationPlatforms) = postSolution
		{6A0E1F26-F7BE-4173-8F69-85B396C6C233}.Debug|Win32.ActiveCfg = Debug|Win32
		{6A0E1F26-F7BE-4173-8F69-85B396C6C233}.Debug|Win32.Build.0 = Debug|Win32
		{6A0E1F26-F7BE-4173-8F69-85B396C6C233}.Release|Win32.ActiveCfg = Release|Win32
		{6A0E1F26-F7BE-4173-8F69-85B396C6C233}.Release|Win32.Build.0 = Release|Win32
		{156D2A0B-67F9-4CE1-B429-5F0E15EFB06A}.Debug|Win32.ActiveCfg = Debug|Win32
		{156D2A0B-67F9-4CE1-B429-5F0E15EFB06A}.Debug|Win32.Build.0 = Debug|Win32
		{156D2A0B-67F9-4CE1-B429-5F0E15EFB06A}.Release|Win32.ActiveCfg = Release|Win32
		{156D2A0B-67F9-4CE1-B429-5F0E15EFB06A}.Release|Win32.Build.0 = Release|Win32
	EndGlobalSection
	GlobalSection(SolutionProperties) = preSolution
		HideSolutionNode = FALSE
	EndGlobalSection
EndGlobal
